
Microsoft Visual Studio Solution File, Format Version 12.00
# Visual Studio 2013
Project("{FAE04EC0-301F-11D3-BF4B-00C04F79EFBC}") = "WpfPrototype3", "WpfPrototype3\WpfPrototype3.csproj", "{5D3ADE79-4B13-40C0-87C0-AB0C01D986DC}"
EndProject
Project("{FAE04EC0-301F-11D3-BF4B-00C04F79EFBC}") = "WpfPrototype3Screens", "WpfPrototype3\WpfPrototype3Screens\WpfPrototype3Screens.csproj", "{7FCBF022-DA9D-4C6B-9C13-8435500098C0}"
EndProject
Global
	GlobalSection(SolutionConfigurationPlatforms) = preSolution
		Debug|Any CPU = Debug|Any CPU
		Release|Any CPU = Release|Any CPU
	EndGlobalSection
	GlobalSection(ProjectConfigurationPlatforms) = postSolution
		{5D3ADE79-4B13-40C0-87C0-AB0C01D986DC}.Debug|Any CPU.ActiveCfg = Debug|Any CPU
		{5D3ADE79-4B13-40C0-87C0-AB0C01D986DC}.Debug|Any CPU.Build.0 = Debug|Any CPU
		{5D3ADE79-4B13-40C0-87C0-AB0C01D986DC}.Release|Any CPU.ActiveCfg = Release|Any CPU
		{5D3ADE79-4B13-40C0-87C0-AB0C01D986DC}.Release|Any CPU.Build.0 = Release|Any CPU
		{7FCBF022-DA9D-4C6B-9C13-8435500098C0}.Debug|Any CPU.ActiveCfg = Debug|Any CPU
		{7FCBF022-DA9D-4C6B-9C13-8435500098C0}.Debug|Any CPU.Build.0 = Debug|Any CPU
		{7FCBF022-DA9D-4C6B-9C13-8435500098C0}.Release|Any CPU.ActiveCfg = Release|Any CPU
		{7FCBF022-DA9D-4C6B-9C13-8435500098C0}.Release|Any CPU.Build.0 = Release|Any CPU
	EndGlobalSection
EndGlobal
